
Microsoft Visual Studio Solution File, Format Version 12.00
# Visual Studio Version 16
VisualStudioVersion = 16.0.31005.135
MinimumVisualStudioVersion = 10.0.40219.1
Project("{FAE04EC0-301F-11D3-BF4B-00C04F79EFBC}") = "LIBRARY", "LIBRARY.csproj", "{A8DAF5E8-CDD2-4FBF-9958-150021FC382E}"
EndProject
Global
	GlobalSection(SolutionConfigurationPlatforms) = preSolution
		Debug|Any CPU = Debug|Any CPU
		Release|Any CPU = Release|Any CPU
	EndGlobalSection
	GlobalSection(ProjectConfigurationPlatforms) = postSolution
		{A8DAF5E8-CDD2-4FBF-9958-150021FC382E}.Debug|Any CPU.ActiveCfg = Debug|Any CPU
		{A8DAF5E8-CDD2-4FBF-9958-150021FC382E}.Debug|Any CPU.Build.0 = Debug|Any CPU
		{A8DAF5E8-CDD2-4FBF-9958-150021FC382E}.Release|Any CPU.ActiveCfg = Release|Any CPU
		{A8DAF5E8-CDD2-4FBF-9958-150021FC382E}.Release|Any CPU.Build.0 = Release|Any CPU
	EndGlobalSection
	GlobalSection(SolutionProperties) = preSolution
		HideSolutionNode = FALSE
	EndGlobalSection
	GlobalSection(ExtensibilityGlobals) = postSolution
		SolutionGuid = {B39701C0-0DA1-4F2B-925C-F3AB2A474E68}
	EndGlobalSection
EndGlobal
